
Microsoft Visual Studio Solution File, Format Version 12.00
# Visual Studio Version 17
VisualStudioVersion = 17.11.35431.28
MinimumVisualStudioVersion = 10.0.40219.1
Project("{FAE04EC0-301F-11D3-BF4B-00C04F79EFBC}") = "BookListApi", "BookListApi\BookListApi.csproj", "{1404AA77-FFA1-448C-94CC-451D4742C0BF}"
EndProject
Global
	GlobalSection(SolutionConfigurationPlatforms) = preSolution
		Debug|Any CPU = Debug|Any CPU
		Release|Any CPU = Release|Any CPU
	EndGlobalSection
	GlobalSection(ProjectConfigurationPlatforms) = postSolution
		{1404AA77-FFA1-448C-94CC-451D4742C0BF}.Debug|Any CPU.ActiveCfg = Debug|Any CPU
		{1404AA77-FFA1-448C-94CC-451D4742C0BF}.Debug|Any CPU.Build.0 = Debug|Any CPU
		{1404AA77-FFA1-448C-94CC-451D4742C0BF}.Release|Any CPU.ActiveCfg = Release|Any CPU
		{1404AA77-FFA1-448C-94CC-451D4742C0BF}.Release|Any CPU.Build.0 = Release|Any CPU
	EndGlobalSection
	GlobalSection(SolutionProperties) = preSolution
		HideSolutionNode = FALSE
	EndGlobalSection
	GlobalSection(ExtensibilityGlobals) = postSolution
		SolutionGuid = {BF3F0EEB-B1BF-4774-A736-66958B425326}
	EndGlobalSection
EndGlobal
